
Microsoft Visual Studio Solution File, Format Version 12.00
# Visual Studio Version 17
VisualStudioVersion = 17.6.33829.357
MinimumVisualStudioVersion = 10.0.40219.1
Project("{FAE04EC0-301F-11D3-BF4B-00C04F79EFBC}") = "Library Manage System", "Library Manage System.csproj", "{9C78FCC4-C745-400D-ABED-049CAFBC0BD2}"
EndProject
Global
	GlobalSection(SolutionConfigurationPlatforms) = preSolution
		Debug|Any CPU = Debug|Any CPU
		Release|Any CPU = Release|Any CPU
	EndGlobalSection
	GlobalSection(ProjectConfigurationPlatforms) = postSolution
		{9C78FCC4-C745-400D-ABED-049CAFBC0BD2}.Debug|Any CPU.ActiveCfg = Debug|Any CPU
		{9C78FCC4-C745-400D-ABED-049CAFBC0BD2}.Debug|Any CPU.Build.0 = Debug|Any CPU
		{9C78FCC4-C745-400D-ABED-049CAFBC0BD2}.Release|Any CPU.ActiveCfg = Release|Any CPU
		{9C78FCC4-C745-400D-ABED-049CAFBC0BD2}.Release|Any CPU.Build.0 = Release|Any CPU
	EndGlobalSection
	GlobalSection(SolutionProperties) = preSolution
		HideSolutionNode = FALSE
	EndGlobalSection
	GlobalSection(ExtensibilityGlobals) = postSolution
		SolutionGuid = {C57EBE29-E43F-46DB-9A69-943A4C3EBBAD}
	EndGlobalSection
EndGlobal
